
Microsoft Visual Studio Solution File, Format Version 12.00
# Visual Studio Version 17
VisualStudioVersion = 17.3.32901.215
MinimumVisualStudioVersion = 10.0.40219.1
Project("{FAE04EC0-301F-11D3-BF4B-00C04F79EFBC}") = "ClassMetotDemo", "ClassMetotDemo\ClassMetotDemo.csproj", "{1C791C47-5E09-4EFB-B67F-F62CE08794FD}"
EndProject
Global
	GlobalSection(SolutionConfigurationPlatforms) = preSolution
		Debug|Any CPU = Debug|Any CPU
		Release|Any CPU = Release|Any CPU
	EndGlobalSection
	GlobalSection(ProjectConfigurationPlatforms) = postSolution
		{1C791C47-5E09-4EFB-B67F-F62CE08794FD}.Debug|Any CPU.ActiveCfg = Debug|Any CPU
		{1C791C47-5E09-4EFB-B67F-F62CE08794FD}.Debug|Any CPU.Build.0 = Debug|Any CPU
		{1C791C47-5E09-4EFB-B67F-F62CE08794FD}.Release|Any CPU.ActiveCfg = Release|Any CPU
		{1C791C47-5E09-4EFB-B67F-F62CE08794FD}.Release|Any CPU.Build.0 = Release|Any CPU
	EndGlobalSection
	GlobalSection(SolutionProperties) = preSolution
		HideSolutionNode = FALSE
	EndGlobalSection
	GlobalSection(ExtensibilityGlobals) = postSolution
		SolutionGuid = {70C0ABC4-B02B-47B8-8B23-33157D1C63BF}
	EndGlobalSection
EndGlobal
